{
  "originHash" : "9dd33f9aa95c407c279de356c64e84f881b1e73c739380b259fa68983a2c24c0",
  "pins" : [
    {
      "identity" : "feedkit",
      "kind" : "remoteSourceControl",
      "location" : "https://github.com/nmdias/FeedKit.git",
      "state" : {
        "revision" : "e55b2cafaf67370092c91193cfb8a8b008e05888",
        "version" : "10.4.0"
      }
    },
    {
      "identity" : "grdb.swift",
      "kind" : "remoteSourceControl",
      "location" : "https://github.com/groue/GRDB.swift.git",
      "state" : {
        "revision" : "b83108d10f42680d78f23fe4d4d80fc88dab3212",
        "version" : "7.11.1"
      }
    }
  ],
  "version" : 3
}
